
Microsoft Visual Studio Solution File, Format Version 12.00
# Visual Studio Version 16
VisualStudioVersion = 16.0.31702.278
MinimumVisualStudioVersion = 10.0.40219.1
Project("{FAE04EC0-301F-11D3-BF4B-00C04F79EFBC}") = "ByteBank.SistemaAgencia", "ByteBank.SistemaAgencia\ByteBank.SistemaAgencia.csproj", "{383EFEDC-4CDC-427B-A858-411B7A25E26E}"
EndProject
Project("{FAE04EC0-301F-11D3-BF4B-00C04F79EFBC}") = "ByteBank.Modelos", "ByteBank.Modelos\ByteBank.Modelos.csproj", "{9FB2BD60-63C1-4AA7-A377-7384E3264F0C}"
EndProject
Global
	GlobalSection(SolutionConfigurationPlatforms) = preSolution
		Debug|Any CPU = Debug|Any CPU
		Release|Any CPU = Release|Any CPU
	EndGlobalSection
	GlobalSection(ProjectConfigurationPlatforms) = postSolution
		{383EFEDC-4CDC-427B-A858-411B7A25E26E}.Debug|Any CPU.ActiveCfg = Debug|Any CPU
		{383EFEDC-4CDC-427B-A858-411B7A25E26E}.Debug|Any CPU.Build.0 = Debug|Any CPU
		{383EFEDC-4CDC-427B-A858-411B7A25E26E}.Release|Any CPU.ActiveCfg = Release|Any CPU
		{383EFEDC-4CDC-427B-A858-411B7A25E26E}.Release|Any CPU.Build.0 = Release|Any CPU
		{9FB2BD60-63C1-4AA7-A377-7384E3264F0C}.Debug|Any CPU.ActiveCfg = Debug|Any CPU
		{9FB2BD60-63C1-4AA7-A377-7384E3264F0C}.Debug|Any CPU.Build.0 = Debug|Any CPU
		{9FB2BD60-63C1-4AA7-A377-7384E3264F0C}.Release|Any CPU.ActiveCfg = Release|Any CPU
		{9FB2BD60-63C1-4AA7-A377-7384E3264F0C}.Release|Any CPU.Build.0 = Release|Any CPU
	EndGlobalSection
	GlobalSection(SolutionProperties) = preSolution
		HideSolutionNode = FALSE
	EndGlobalSection
	GlobalSection(ExtensibilityGlobals) = postSolution
		SolutionGuid = {12EBB66A-E834-443E-B69A-24141D449ADA}
	EndGlobalSection
EndGlobal
